# This file is autogenerated, do not edit; changes may be undone by the next 'dep ensure'.


[[projects]]
  branch = "master"
  digest = "1:ee682414c3358db289d7e876d79943aebde556484f9aefb4e4e61f937e8c2666"
  name = "gonum.org/v1/gonum"
  packages = [
    "floats",
    "integrate/quad",
    "internal/asm/f64",
    "mathext",
    "mathext/internal/amos",
    "mathext/internal/cephes",
    "mathext/internal/gonum",
  ]
  pruneopts = "UT"
  revision = "d61003946d0d62fea7df4d9f9dee3c729ff97c9e"

[solve-meta]
  analyzer-name = "dep"
  analyzer-version = 1
  input-imports = ["gonum.org/v1/gonum/integrate/quad"]
  solver-name = "gps-cdcl"
  solver-version = 1
